
Microsoft Visual Studio Solution File, Format Version 12.00
# Visual Studio Version 17
VisualStudioVersion = 17.2.32630.192
MinimumVisualStudioVersion = 10.0.40219.1
Project("{FAE04EC0-301F-11D3-BF4B-00C04F79EFBC}") = "MyEditor", "MyEditor.csproj", "{024CB6B8-7952-4160-9488-636FEB18E1D7}"
EndProject
Global
	GlobalSection(SolutionConfigurationPlatforms) = preSolution
		Debug|Any CPU = Debug|Any CPU
		Release|Any CPU = Release|Any CPU
	EndGlobalSection
	GlobalSection(ProjectConfigurationPlatforms) = postSolution
		{024CB6B8-7952-4160-9488-636FEB18E1D7}.Debug|Any CPU.ActiveCfg = Debug|Any CPU
		{024CB6B8-7952-4160-9488-636FEB18E1D7}.Debug|Any CPU.Build.0 = Debug|Any CPU
		{024CB6B8-7952-4160-9488-636FEB18E1D7}.Release|Any CPU.ActiveCfg = Release|Any CPU
		{024CB6B8-7952-4160-9488-636FEB18E1D7}.Release|Any CPU.Build.0 = Release|Any CPU
	EndGlobalSection
	GlobalSection(SolutionProperties) = preSolution
		HideSolutionNode = FALSE
	EndGlobalSection
	GlobalSection(ExtensibilityGlobals) = postSolution
		SolutionGuid = {1A4EB1E9-EDBC-4E2B-85E2-38BCF5355EE5}
	EndGlobalSection
EndGlobal
