
Microsoft Visual Studio Solution File, Format Version 12.00
# Visual Studio Version 17
VisualStudioVersion = 17.2.32630.192
MinimumVisualStudioVersion = 10.0.40219.1
Project("{FAE04EC0-301F-11D3-BF4B-00C04F79EFBC}") = "Final_MathRounder", "Final_MathRounder.csproj", "{B2074037-B2D8-46A8-864E-0AE04575018E}"
EndProject
Global
	GlobalSection(SolutionConfigurationPlatforms) = preSolution
		Debug|Any CPU = Debug|Any CPU
		Release|Any CPU = Release|Any CPU
	EndGlobalSection
	GlobalSection(ProjectConfigurationPlatforms) = postSolution
		{B2074037-B2D8-46A8-864E-0AE04575018E}.Debug|Any CPU.ActiveCfg = Debug|Any CPU
		{B2074037-B2D8-46A8-864E-0AE04575018E}.Debug|Any CPU.Build.0 = Debug|Any CPU
		{B2074037-B2D8-46A8-864E-0AE04575018E}.Release|Any CPU.ActiveCfg = Release|Any CPU
		{B2074037-B2D8-46A8-864E-0AE04575018E}.Release|Any CPU.Build.0 = Release|Any CPU
	EndGlobalSection
	GlobalSection(SolutionProperties) = preSolution
		HideSolutionNode = FALSE
	EndGlobalSection
	GlobalSection(ExtensibilityGlobals) = postSolution
		SolutionGuid = {51D8F97E-CA10-4B1F-B60F-939CC9DDDB57}
	EndGlobalSection
EndGlobal
