
Microsoft Visual Studio Solution File, Format Version 12.00
# Visual Studio Version 17
VisualStudioVersion = 17.2.32630.192
MinimumVisualStudioVersion = 10.0.40219.1
Project("{FAE04EC0-301F-11D3-BF4B-00C04F79EFBC}") = "TriviaApp", "TriviaApp.csproj", "{A0250BB4-C8D1-41B8-8E54-02C13C4CBF93}"
EndProject
Global
	GlobalSection(SolutionConfigurationPlatforms) = preSolution
		Debug|Any CPU = Debug|Any CPU
		Release|Any CPU = Release|Any CPU
	EndGlobalSection
	GlobalSection(ProjectConfigurationPlatforms) = postSolution
		{A0250BB4-C8D1-41B8-8E54-02C13C4CBF93}.Debug|Any CPU.ActiveCfg = Debug|Any CPU
		{A0250BB4-C8D1-41B8-8E54-02C13C4CBF93}.Debug|Any CPU.Build.0 = Debug|Any CPU
		{A0250BB4-C8D1-41B8-8E54-02C13C4CBF93}.Release|Any CPU.ActiveCfg = Release|Any CPU
		{A0250BB4-C8D1-41B8-8E54-02C13C4CBF93}.Release|Any CPU.Build.0 = Release|Any CPU
	EndGlobalSection
	GlobalSection(SolutionProperties) = preSolution
		HideSolutionNode = FALSE
	EndGlobalSection
	GlobalSection(ExtensibilityGlobals) = postSolution
		SolutionGuid = {37EA5203-26A4-422F-96F7-75A33C08A9E7}
	EndGlobalSection
EndGlobal
