
Microsoft Visual Studio Solution File, Format Version 12.00
# Visual Studio Version 17
VisualStudioVersion = 17.2.32630.192
MinimumVisualStudioVersion = 10.0.40219.1
Project("{FAE04EC0-301F-11D3-BF4B-00C04F79EFBC}") = "FinalExam", "FinalExam.csproj", "{DA65244A-0710-4E23-878A-7CF3266AF162}"
EndProject
Global
	GlobalSection(SolutionConfigurationPlatforms) = preSolution
		Debug|Any CPU = Debug|Any CPU
		Release|Any CPU = Release|Any CPU
	EndGlobalSection
	GlobalSection(ProjectConfigurationPlatforms) = postSolution
		{DA65244A-0710-4E23-878A-7CF3266AF162}.Debug|Any CPU.ActiveCfg = Debug|Any CPU
		{DA65244A-0710-4E23-878A-7CF3266AF162}.Debug|Any CPU.Build.0 = Debug|Any CPU
		{DA65244A-0710-4E23-878A-7CF3266AF162}.Release|Any CPU.ActiveCfg = Release|Any CPU
		{DA65244A-0710-4E23-878A-7CF3266AF162}.Release|Any CPU.Build.0 = Release|Any CPU
	EndGlobalSection
	GlobalSection(SolutionProperties) = preSolution
		HideSolutionNode = FALSE
	EndGlobalSection
	GlobalSection(ExtensibilityGlobals) = postSolution
		SolutionGuid = {126B462A-087B-446F-A2BF-1F98D0F6EF05}
	EndGlobalSection
EndGlobal
