
Microsoft Visual Studio Solution File, Format Version 12.00
# Visual Studio Version 17
VisualStudioVersion = 17.2.32630.192
MinimumVisualStudioVersion = 10.0.40219.1
Project("{FAE04EC0-301F-11D3-BF4B-00C04F79EFBC}") = "Traffic", "Traffic.csproj", "{9629752F-0876-4233-B2B0-216498D4C9B9}"
EndProject
Global
	GlobalSection(SolutionConfigurationPlatforms) = preSolution
		Debug|Any CPU = Debug|Any CPU
		Release|Any CPU = Release|Any CPU
	EndGlobalSection
	GlobalSection(ProjectConfigurationPlatforms) = postSolution
		{9629752F-0876-4233-B2B0-216498D4C9B9}.Debug|Any CPU.ActiveCfg = Debug|Any CPU
		{9629752F-0876-4233-B2B0-216498D4C9B9}.Debug|Any CPU.Build.0 = Debug|Any CPU
		{9629752F-0876-4233-B2B0-216498D4C9B9}.Release|Any CPU.ActiveCfg = Release|Any CPU
		{9629752F-0876-4233-B2B0-216498D4C9B9}.Release|Any CPU.Build.0 = Release|Any CPU
	EndGlobalSection
	GlobalSection(SolutionProperties) = preSolution
		HideSolutionNode = FALSE
	EndGlobalSection
	GlobalSection(ExtensibilityGlobals) = postSolution
		SolutionGuid = {FC7CBDDE-4409-4F99-9557-51CF7955AAF3}
	EndGlobalSection
EndGlobal
