
Microsoft Visual Studio Solution File, Format Version 12.00
# Visual Studio Version 17
VisualStudioVersion = 17.2.32630.192
MinimumVisualStudioVersion = 10.0.40219.1
Project("{FAE04EC0-301F-11D3-BF4B-00C04F79EFBC}") = "PE20Dom", "PE20Dom.csproj", "{5E309490-9501-4494-85A1-1D23AB263AFD}"
EndProject
Global
	GlobalSection(SolutionConfigurationPlatforms) = preSolution
		Debug|Any CPU = Debug|Any CPU
		Release|Any CPU = Release|Any CPU
	EndGlobalSection
	GlobalSection(ProjectConfigurationPlatforms) = postSolution
		{5E309490-9501-4494-85A1-1D23AB263AFD}.Debug|Any CPU.ActiveCfg = Debug|Any CPU
		{5E309490-9501-4494-85A1-1D23AB263AFD}.Debug|Any CPU.Build.0 = Debug|Any CPU
		{5E309490-9501-4494-85A1-1D23AB263AFD}.Release|Any CPU.ActiveCfg = Release|Any CPU
		{5E309490-9501-4494-85A1-1D23AB263AFD}.Release|Any CPU.Build.0 = Release|Any CPU
	EndGlobalSection
	GlobalSection(SolutionProperties) = preSolution
		HideSolutionNode = FALSE
	EndGlobalSection
	GlobalSection(ExtensibilityGlobals) = postSolution
		SolutionGuid = {0EACA687-9A57-4E5F-838F-1315A4842609}
	EndGlobalSection
EndGlobal
