
Microsoft Visual Studio Solution File, Format Version 12.00
# Visual Studio Version 17
VisualStudioVersion = 17.2.32630.192
MinimumVisualStudioVersion = 10.0.40219.1
Project("{FAE04EC0-301F-11D3-BF4B-00C04F79EFBC}") = "ClassLibrary1", "ClassLibrary1.csproj", "{8F0CA97C-9934-4FF6-A8B2-F379D2E0F8C3}"
EndProject
Global
	GlobalSection(SolutionConfigurationPlatforms) = preSolution
		Debug|Any CPU = Debug|Any CPU
		Release|Any CPU = Release|Any CPU
	EndGlobalSection
	GlobalSection(ProjectConfigurationPlatforms) = postSolution
		{8F0CA97C-9934-4FF6-A8B2-F379D2E0F8C3}.Debug|Any CPU.ActiveCfg = Debug|Any CPU
		{8F0CA97C-9934-4FF6-A8B2-F379D2E0F8C3}.Debug|Any CPU.Build.0 = Debug|Any CPU
		{8F0CA97C-9934-4FF6-A8B2-F379D2E0F8C3}.Release|Any CPU.ActiveCfg = Release|Any CPU
		{8F0CA97C-9934-4FF6-A8B2-F379D2E0F8C3}.Release|Any CPU.Build.0 = Release|Any CPU
	EndGlobalSection
	GlobalSection(SolutionProperties) = preSolution
		HideSolutionNode = FALSE
	EndGlobalSection
	GlobalSection(ExtensibilityGlobals) = postSolution
		SolutionGuid = {DA4039C0-7884-4814-8EBC-228C3E1E33EB}
	EndGlobalSection
EndGlobal
