
Microsoft Visual Studio Solution File, Format Version 12.00
# Visual Studio Version 17
VisualStudioVersion = 17.2.32630.192
MinimumVisualStudioVersion = 10.0.40219.1
Project("{FAE04EC0-301F-11D3-BF4B-00C04F79EFBC}") = "GifFinder", "GifFinder.csproj", "{24127557-020A-4B95-AE37-6F93D320FBA7}"
EndProject
Global
	GlobalSection(SolutionConfigurationPlatforms) = preSolution
		Debug|Any CPU = Debug|Any CPU
		Release|Any CPU = Release|Any CPU
	EndGlobalSection
	GlobalSection(ProjectConfigurationPlatforms) = postSolution
		{24127557-020A-4B95-AE37-6F93D320FBA7}.Debug|Any CPU.ActiveCfg = Debug|Any CPU
		{24127557-020A-4B95-AE37-6F93D320FBA7}.Debug|Any CPU.Build.0 = Debug|Any CPU
		{24127557-020A-4B95-AE37-6F93D320FBA7}.Release|Any CPU.ActiveCfg = Release|Any CPU
		{24127557-020A-4B95-AE37-6F93D320FBA7}.Release|Any CPU.Build.0 = Release|Any CPU
	EndGlobalSection
	GlobalSection(SolutionProperties) = preSolution
		HideSolutionNode = FALSE
	EndGlobalSection
	GlobalSection(ExtensibilityGlobals) = postSolution
		SolutionGuid = {E408B3B2-2614-4127-8968-F96CC3745F92}
	EndGlobalSection
EndGlobal
