
Microsoft Visual Studio Solution File, Format Version 12.00
# Visual Studio Version 17
VisualStudioVersion = 17.2.32630.192
MinimumVisualStudioVersion = 10.0.40219.1
Project("{FAE04EC0-301F-11D3-BF4B-00C04F79EFBC}") = "Cohen_PE7", "Cohen_PE7.csproj", "{12A1FC08-8527-4B27-89B7-ED899CE9339B}"
EndProject
Global
	GlobalSection(SolutionConfigurationPlatforms) = preSolution
		Debug|Any CPU = Debug|Any CPU
		Release|Any CPU = Release|Any CPU
	EndGlobalSection
	GlobalSection(ProjectConfigurationPlatforms) = postSolution
		{12A1FC08-8527-4B27-89B7-ED899CE9339B}.Debug|Any CPU.ActiveCfg = Debug|Any CPU
		{12A1FC08-8527-4B27-89B7-ED899CE9339B}.Debug|Any CPU.Build.0 = Debug|Any CPU
		{12A1FC08-8527-4B27-89B7-ED899CE9339B}.Release|Any CPU.ActiveCfg = Release|Any CPU
		{12A1FC08-8527-4B27-89B7-ED899CE9339B}.Release|Any CPU.Build.0 = Release|Any CPU
	EndGlobalSection
	GlobalSection(SolutionProperties) = preSolution
		HideSolutionNode = FALSE
	EndGlobalSection
	GlobalSection(ExtensibilityGlobals) = postSolution
		SolutionGuid = {0160FB32-D913-4433-9985-1CF7883A6F1A}
	EndGlobalSection
EndGlobal
