
Microsoft Visual Studio Solution File, Format Version 12.00
# Visual Studio Version 17
VisualStudioVersion = 17.2.32630.192
MinimumVisualStudioVersion = 10.0.40219.1
Project("{FAE04EC0-301F-11D3-BF4B-00C04F79EFBC}") = "Final_Adjacency", "Final_Adjacency.csproj", "{5268E799-C3AD-4A27-8669-8A8FCD429308}"
EndProject
Global
	GlobalSection(SolutionConfigurationPlatforms) = preSolution
		Debug|Any CPU = Debug|Any CPU
		Release|Any CPU = Release|Any CPU
	EndGlobalSection
	GlobalSection(ProjectConfigurationPlatforms) = postSolution
		{5268E799-C3AD-4A27-8669-8A8FCD429308}.Debug|Any CPU.ActiveCfg = Debug|Any CPU
		{5268E799-C3AD-4A27-8669-8A8FCD429308}.Debug|Any CPU.Build.0 = Debug|Any CPU
		{5268E799-C3AD-4A27-8669-8A8FCD429308}.Release|Any CPU.ActiveCfg = Release|Any CPU
		{5268E799-C3AD-4A27-8669-8A8FCD429308}.Release|Any CPU.Build.0 = Release|Any CPU
	EndGlobalSection
	GlobalSection(SolutionProperties) = preSolution
		HideSolutionNode = FALSE
	EndGlobalSection
	GlobalSection(ExtensibilityGlobals) = postSolution
		SolutionGuid = {67811F51-F7DB-4C3C-A9BE-C80DFCF8EF64}
	EndGlobalSection
EndGlobal
