
Microsoft Visual Studio Solution File, Format Version 12.00
# Visual Studio Version 17
VisualStudioVersion = 17.2.32630.192
MinimumVisualStudioVersion = 10.0.40219.1
Project("{FAE04EC0-301F-11D3-BF4B-00C04F79EFBC}") = "SearchApp", "SearchApp\SearchApp.csproj", "{5D4B2B23-E5F1-4E6C-BD9E-EECECE3F2F2A}"
EndProject
Global
	GlobalSection(SolutionConfigurationPlatforms) = preSolution
		Debug|Any CPU = Debug|Any CPU
		Release|Any CPU = Release|Any CPU
	EndGlobalSection
	GlobalSection(ProjectConfigurationPlatforms) = postSolution
		{5D4B2B23-E5F1-4E6C-BD9E-EECECE3F2F2A}.Debug|Any CPU.ActiveCfg = Debug|Any CPU
		{5D4B2B23-E5F1-4E6C-BD9E-EECECE3F2F2A}.Debug|Any CPU.Build.0 = Debug|Any CPU
		{5D4B2B23-E5F1-4E6C-BD9E-EECECE3F2F2A}.Release|Any CPU.ActiveCfg = Release|Any CPU
		{5D4B2B23-E5F1-4E6C-BD9E-EECECE3F2F2A}.Release|Any CPU.Build.0 = Release|Any CPU
	EndGlobalSection
	GlobalSection(SolutionProperties) = preSolution
		HideSolutionNode = FALSE
	EndGlobalSection
	GlobalSection(ExtensibilityGlobals) = postSolution
		SolutionGuid = {0803EB68-1596-4B36-8176-6AAE4B9E4431}
	EndGlobalSection
EndGlobal
